// !$*UTF8*$!
{
	archiveVersion = 1;
	classes = {
	};
	objectVersion = 50;
	objects = {

/* Begin PBXBuildFile section */
		FA69268323F1E874006692BB /* Dictionary-Extension.swift in Sources */ = {isa = PBXBuildFile; fileRef = FA69268223F1E874006692BB /* Dictionary-Extension.swift */; };
		FAF7A38323F1CBBC0019F888 /* AppDelegate.swift in Sources */ = {isa = PBXBuildFile; fileRef = FAF7A38223F1CBBC0019F888 /* AppDelegate.swift */; };
		FAF7A38523F1CBBC0019F888 /* ContentView.swift in Sources */ = {isa = PBXBuildFile; fileRef = FAF7A38423F1CBBC0019F888 /* ContentView.swift */; };
		FAF7A38723F1CBBE0019F888 /* Assets.xcassets in Resources */ = {isa = PBXBuildFile; fileRef = FAF7A38623F1CBBE0019F888 /* Assets.xcassets */; };
		FAF7A38A23F1CBBE0019F888 /* Preview Assets.xcassets in Resources */ = {isa = PBXBuildFile; fileRef = FAF7A38923F1CBBE0019F888 /* Preview Assets.xcassets */; };
		FAF7A38D23F1CBBE0019F888 /* Main.storyboard in Resources */ = {isa = PBXBuildFile; fileRef = FAF7A38B23F1CBBE0019F888 /* Main.storyboard */; };
		FAF7A39623F1CC8A0019F888 /* ShellInteractor.swift in Sources */ = {isa = PBXBuildFile; fileRef = FAF7A39523F1CC8A0019F888 /* ShellInteractor.swift */; };
/* End PBXBuildFile section */

/* Begin PBXFileReference section */
		FA69268223F1E874006692BB /* Dictionary-Extension.swift */ = {isa = PBXFileReference; lastKnownFileType = sourcecode.swift; path = "Dictionary-Extension.swift"; sourceTree = "<group>"; };
		FAF7A37F23F1CBBC0019F888 /* Pusher.app */ = {isa = PBXFileReference; explicitFileType = wrapper.application; includeInIndex = 0; path = Pusher.app; sourceTree = BUILT_PRODUCTS_DIR; };
		FAF7A38223F1CBBC0019F888 /* AppDelegate.swift */ = {isa = PBXFileReference; lastKnownFileType = sourcecode.swift; path = AppDelegate.swift; sourceTree = "<group>"; };
		FAF7A38423F1CBBC0019F888 /* ContentView.swift */ = {isa = PBXFileReference; lastKnownFileType = sourcecode.swift; path = ContentView.swift; sourceTree = "<group>"; };
		FAF7A38623F1CBBE0019F888 /* Assets.xcassets */ = {isa = PBXFileReference; lastKnownFileType = folder.assetcatalog; path = Assets.xcassets; sourceTree = "<group>"; };
		FAF7A38923F1CBBE0019F888 /* Preview Assets.xcassets */ = {isa = PBXFileReference; lastKnownFileType = folder.assetcatalog; path = "Preview Assets.xcassets"; sourceTree = "<group>"; };
		FAF7A38C23F1CBBE0019F888 /* Base */ = {isa = PBXFileReference; lastKnownFileType = file.storyboard; name = Base; path = Base.lproj/Main.storyboard; sourceTree = "<group>"; };
		FAF7A38E23F1CBBE0019F888 /* Info.plist */ = {isa = PBXFileReference; lastKnownFileType = text.plist.xml; path = Info.plist; sourceTree = "<group>"; };
		FAF7A38F23F1CBBE0019F888 /* Pusher.entitlements */ = {isa = PBXFileReference; lastKnownFileType = text.plist.entitlements; path = Pusher.entitlements; sourceTree = "<group>"; };
		FAF7A39523F1CC8A0019F888 /* ShellInteractor.swift */ = {isa = PBXFileReference; lastKnownFileType = sourcecode.swift; path = ShellInteractor.swift; sourceTree = "<group>"; };
/* End PBXFileReference section */

/* Begin PBXFrameworksBuildPhase section */
		FAF7A37C23F1CBBC0019F888 /* Frameworks */ = {
			isa = PBXFrameworksBuildPhase;
			buildActionMask = 2147483647;
			files = (
			);
			runOnlyForDeploymentPostprocessing = 0;
		};
/* End PBXFrameworksBuildPhase section */

/* Begin PBXGroup section */
		FAF7A37623F1CBBC0019F888 = {
			isa = PBXGroup;
			children = (
				FAF7A38123F1CBBC0019F888 /* Pusher */,
				FAF7A38023F1CBBC0019F888 /* Products */,
			);
			sourceTree = "<group>";
		};
		FAF7A38023F1CBBC0019F888 /* Products */ = {
			isa = PBXGroup;
			children = (
				FAF7A37F23F1CBBC0019F888 /* Pusher.app */,
			);
			name = Products;
			sourceTree = "<group>";
		};
		FAF7A38123F1CBBC0019F888 /* Pusher */ = {
			isa = PBXGroup;
			children = (
				FA69268223F1E874006692BB /* Dictionary-Extension.swift */,
				FAF7A38223F1CBBC0019F888 /* AppDelegate.swift */,
				FAF7A38423F1CBBC0019F888 /* ContentView.swift */,
				FAF7A39523F1CC8A0019F888 /* ShellInteractor.swift */,
				FAF7A38623F1CBBE0019F888 /* Assets.xcassets */,
				FAF7A38B23F1CBBE0019F888 /* Main.storyboard */,
				FAF7A38E23F1CBBE0019F888 /* Info.plist */,
				FAF7A38F23F1CBBE0019F888 /* Pusher.entitlements */,
				FAF7A38823F1CBBE0019F888 /* Preview Content */,
			);
			path = Pusher;
			sourceTree = "<group>";
		};
		FAF7A38823F1CBBE0019F888 /* Preview Content */ = {
			isa = PBXGroup;
			children = (
				FAF7A38923F1CBBE0019F888 /* Preview Assets.xcassets */,
			);
			path = "Preview Content";
			sourceTree = "<group>";
		};
/* End PBXGroup section */

/* Begin PBXNativeTarget section */
		FAF7A37E23F1CBBC0019F888 /* Pusher */ = {
			isa = PBXNativeTarget;
			buildConfigurationList = FAF7A39223F1CBBE0019F888 /* Build configuration list for PBXNativeTarget "Pusher" */;
			buildPhases = (
				FAF7A37B23F1CBBC0019F888 /* Sources */,
				FAF7A37C23F1CBBC0019F888 /* Frameworks */,
				FAF7A37D23F1CBBC0019F888 /* Resources */,
			);
			buildRules = (
			);
			dependencies = (
			);
			name = Pusher;
			productName = Pusher;
			productReference = FAF7A37F23F1CBBC0019F888 /* Pusher.app */;
			productType = "com.apple.product-type.application";
		};
/* End PBXNativeTarget section */

/* Begin PBXProject section */
		FAF7A37723F1CBBC0019F888 /* Project object */ = {
			isa = PBXProject;
			attributes = {
				LastSwiftUpdateCheck = 1140;
				LastUpgradeCheck = 1140;
				ORGANIZATIONNAME = "Alex Bartis";
				TargetAttributes = {
					FAF7A37E23F1CBBC0019F888 = {
						CreatedOnToolsVersion = 11.4;
					};
				};
			};
			buildConfigurationList = FAF7A37A23F1CBBC0019F888 /* Build configuration list for PBXProject "Pusher" */;
			compatibilityVersion = "Xcode 9.3";
			developmentRegion = en;
			hasScannedForEncodings = 0;
			knownRegions = (
				en,
				Base,
			);
			mainGroup = FAF7A37623F1CBBC0019F888;
			productRefGroup = FAF7A38023F1CBBC0019F888 /* Products */;
			projectDirPath = "";
			projectRoot = "";
			targets = (
				FAF7A37E23F1CBBC0019F888 /* Pusher */,
			);
		};
/* End PBXProject section */

/* Begin PBXResourcesBuildPhase section */
		FAF7A37D23F1CBBC0019F888 /* Resources */ = {
			isa = PBXResourcesBuildPhase;
			buildActionMask = 2147483647;
			files = (
				FAF7A38D23F1CBBE0019F888 /* Main.storyboard in Resources */,
				FAF7A38A23F1CBBE0019F888 /* Preview Assets.xcassets in Resources */,
				FAF7A38723F1CBBE0019F888 /* Assets.xcassets in Resources */,
			);
			runOnlyForDeploymentPostprocessing = 0;
		};
/* End PBXResourcesBuildPhase section */

/* Begin PBXSourcesBuildPhase section */
		FAF7A37B23F1CBBC0019F888 /* Sources */ = {
			isa = PBXSourcesBuildPhase;
			buildActionMask = 2147483647;
			files = (
				FAF7A38523F1CBBC0019F888 /* ContentView.swift in Sources */,
				FA69268323F1E874006692BB /* Dictionary-Extension.swift in Sources */,
				FAF7A38323F1CBBC0019F888 /* AppDelegate.swift in Sources */,
				FAF7A39623F1CC8A0019F888 /* ShellInteractor.swift in Sources */,
			);
			runOnlyForDeploymentPostprocessing = 0;
		};
/* End PBXSourcesBuildPhase section */

/* Begin PBXVariantGroup section */
		FAF7A38B23F1CBBE0019F888 /* Main.storyboard */ = {
			isa = PBXVariantGroup;
			children = (
				FAF7A38C23F1CBBE0019F888 /* Base */,
			);
			name = Main.storyboard;
			sourceTree = "<group>";
		};
/* End PBXVariantGroup section */

/* Begin XCBuildConfiguration section */
		FAF7A39023F1CBBE0019F888 /* Debug */ = {
			isa = XCBuildConfiguration;
			buildSettings = {
				ALWAYS_SEARCH_USER_PATHS = NO;
				CLANG_ANALYZER_NONNULL = YES;
				CLANG_ANALYZER_NUMBER_OBJECT_CONVERSION = YES_AGGRESSIVE;
				CLANG_CXX_LANGUAGE_STANDARD = "gnu++14";
				CLANG_CXX_LIBRARY = "libc++";
				CLANG_ENABLE_MODULES = YES;
				CLANG_ENABLE_OBJC_ARC = YES;
				CLANG_ENABLE_OBJC_WEAK = YES;
				CLANG_WARN_BLOCK_CAPTURE_AUTORELEASING = YES;
				CLANG_WARN_BOOL_CONVERSION = YES;
				CLANG_WARN_COMMA = YES;
				CLANG_WARN_CONSTANT_CONVERSION = YES;
				CLANG_WARN_DEPRECATED_OBJC_IMPLEMENTATIONS = YES;
				CLANG_WARN_DIRECT_OBJC_ISA_USAGE = YES_ERROR;
				CLANG_WARN_DOCUMENTATION_COMMENTS = YES;
				CLANG_WARN_EMPTY_BODY = YES;
				CLANG_WARN_ENUM_CONVERSION = YES;
				CLANG_WARN_INFINITE_RECURSION = YES;
				CLANG_WARN_INT_CONVERSION = YES;
				CLANG_WARN_NON_LITERAL_NULL_CONVERSION = YES;
				CLANG_WARN_OBJC_IMPLICIT_RETAIN_SELF = YES;
				CLANG_WARN_OBJC_LITERAL_CONVERSION = YES;
				CLANG_WARN_OBJC_ROOT_CLASS = YES_ERROR;
				CLANG_WARN_RANGE_LOOP_ANALYSIS = YES;
				CLANG_WARN_STRICT_PROTOTYPES = YES;
				CLANG_WARN_SUSPICIOUS_MOVE = YES;
				CLANG_WARN_UNGUARDED_AVAILABILITY = YES_AGGRESSIVE;
				CLANG_WARN_UNREACHABLE_CODE = YES;
				CLANG_WARN__DUPLICATE_METHOD_MATCH = YES;
				COPY_PHASE_STRIP = NO;
				DEBUG_INFORMATION_FORMAT = dwarf;
				ENABLE_STRICT_OBJC_MSGSEND = YES;
				ENABLE_TESTABILITY = YES;
				GCC_C_LANGUAGE_STANDARD = gnu11;
				GCC_DYNAMIC_NO_PIC = NO;
				GCC_NO_COMMON_BLOCKS = YES;
				GCC_OPTIMIZATION_LEVEL = 0;
				GCC_PREPROCESSOR_DEFINITIONS = (
					"DEBUG=1",
					"$(inherited)",
				);
				GCC_WARN_64_TO_32_BIT_CONVERSION = YES;
				GCC_WARN_ABOUT_RETURN_TYPE = YES_ERROR;
				GCC_WARN_UNDECLARED_SELECTOR = YES;
				GCC_WARN_UNINITIALIZED_AUTOS = YES_AGGRESSIVE;
				GCC_WARN_UNUSED_FUNCTION = YES;
				GCC_WARN_UNUSED_VARIABLE = YES;
				MACOSX_DEPLOYMENT_TARGET = 10.15;
				MTL_ENABLE_DEBUG_INFO = INCLUDE_SOURCE;
				MTL_FAST_MATH = YES;
				ONLY_ACTIVE_ARCH = YES;
				SDKROOT = macosx;
				SWIFT_ACTIVE_COMPILATION_CONDITIONS = DEBUG;
				SWIFT_OPTIMIZATION_LEVEL = "-Onone";
			};
			name = Debug;
		};
		FAF7A39123F1CBBE0019F888 /* Release */ = {
			isa = XCBuildConfiguration;
			buildSettings = {
				ALWAYS_SEARCH_USER_PATHS = NO;
				CLANG_ANALYZER_NONNULL = YES;
				CLANG_ANALYZER_NUMBER_OBJECT_CONVERSION = YES_AGGRESSIVE;
				CLANG_CXX_LANGUAGE_STANDARD = "gnu++14";
				CLANG_CXX_LIBRARY = "libc++";
				CLANG_ENABLE_MODULES = YES;
				CLANG_ENABLE_OBJC_ARC = YES;
				CLANG_ENABLE_OBJC_WEAK = YES;
				CLANG_WARN_BLOCK_CAPTURE_AUTORELEASING = YES;
				CLANG_WARN_BOOL_CONVERSION = YES;
				CLANG_WARN_COMMA = YES;
				CLANG_WARN_CONSTANT_CONVERSION = YES;
				CLANG_WARN_DEPRECATED_OBJC_IMPLEMENTATIONS = YES;
				CLANG_WARN_DIRECT_OBJC_ISA_USAGE = YES_ERROR;
				CLANG_WARN_DOCUMENTATION_COMMENTS = YES;
				CLANG_WARN_EMPTY_BODY = YES;
				CLANG_WARN_ENUM_CONVERSION = YES;
				CLANG_WARN_INFINITE_RECURSION = YES;
				CLANG_WARN_INT_CONVERSION = YES;
				CLANG_WARN_NON_LITERAL_NULL_CONVERSION = YES;
				CLANG_WARN_OBJC_IMPLICIT_RETAIN_SELF = YES;
				CLANG_WARN_OBJC_LITERAL_CONVERSION = YES;
				CLANG_WARN_OBJC_ROOT_CLASS = YES_ERROR;
				CLANG_WARN_RANGE_LOOP_ANALYSIS = YES;
				CLANG_WARN_STRICT_PROTOTYPES = YES;
				CLANG_WARN_SUSPICIOUS_MOVE = YES;
				CLANG_WARN_UNGUARDED_AVAILABILITY = YES_AGGRESSIVE;
				CLANG_WARN_UNREACHABLE_CODE = YES;
				CLANG_WARN__DUPLICATE_METHOD_MATCH = YES;
				COPY_PHASE_STRIP = NO;
				DEBUG_INFORMATION_FORMAT = "dwarf-with-dsym";
				ENABLE_NS_ASSERTIONS = NO;
				ENABLE_STRICT_OBJC_MSGSEND = YES;
				GCC_C_LANGUAGE_STANDARD = gnu11;
				GCC_NO_COMMON_BLOCKS = YES;
				GCC_WARN_64_TO_32_BIT_CONVERSION = YES;
				GCC_WARN_ABOUT_RETURN_TYPE = YES_ERROR;
				GCC_WARN_UNDECLARED_SELECTOR = YES;
				GCC_WARN_UNINITIALIZED_AUTOS = YES_AGGRESSIVE;
				GCC_WARN_UNUSED_FUNCTION = YES;
				GCC_WARN_UNUSED_VARIABLE = YES;
				MACOSX_DEPLOYMENT_TARGET = 10.15;
				MTL_ENABLE_DEBUG_INFO = NO;
				MTL_FAST_MATH = YES;
				SDKROOT = macosx;
				SWIFT_COMPILATION_MODE = wholemodule;
				SWIFT_OPTIMIZATION_LEVEL = "-O";
			};
			name = Release;
		};
		FAF7A39323F1CBBE0019F888 /* Debug */ = {
			isa = XCBuildConfiguration;
			buildSettings = {
				ASSETCATALOG_COMPILER_APPICON_NAME = AppIcon;
				CODE_SIGN_ENTITLEMENTS = Pusher/Pusher.entitlements;
				CODE_SIGN_STYLE = Automatic;
				COMBINE_HIDPI_IMAGES = YES;
				DEVELOPMENT_ASSET_PATHS = "\"Pusher/Preview Content\"";
				DEVELOPMENT_TEAM = JEW4ZQXUL9;
				ENABLE_HARDENED_RUNTIME = YES;
				ENABLE_PREVIEWS = YES;
				INFOPLIST_FILE = Pusher/Info.plist;
				LD_RUNPATH_SEARCH_PATHS = (
					"$(inherited)",
					"@executable_path/../Frameworks",
				);
				MACOSX_DEPLOYMENT_TARGET = 10.15;
				PRODUCT_BUNDLE_IDENTIFIER = ro.bartis.Pusher;
				PRODUCT_NAME = "$(TARGET_NAME)";
				SWIFT_VERSION = 5.0;
			};
			name = Debug;
		};
		FAF7A39423F1CBBE0019F888 /* Release */ = {
			isa = XCBuildConfiguration;
			buildSettings = {
				ASSETCATALOG_COMPILER_APPICON_NAME = AppIcon;
				CODE_SIGN_ENTITLEMENTS = Pusher/Pusher.entitlements;
				CODE_SIGN_STYLE = Automatic;
				COMBINE_HIDPI_IMAGES = YES;
				DEVELOPMENT_ASSET_PATHS = "\"Pusher/Preview Content\"";
				DEVELOPMENT_TEAM = JEW4ZQXUL9;
				ENABLE_HARDENED_RUNTIME = YES;
				ENABLE_PREVIEWS = YES;
				INFOPLIST_FILE = Pusher/Info.plist;
				LD_RUNPATH_SEARCH_PATHS = (
					"$(inherited)",
					"@executable_path/../Frameworks",
				);
				MACOSX_DEPLOYMENT_TARGET = 10.15;
				PRODUCT_BUNDLE_IDENTIFIER = ro.bartis.Pusher;
				PRODUCT_NAME = "$(TARGET_NAME)";
				SWIFT_VERSION = 5.0;
			};
			name = Release;
		};
/* End XCBuildConfiguration section */

/* Begin XCConfigurationList section */
		FAF7A37A23F1CBBC0019F888 /* Build configuration list for PBXProject "Pusher" */ = {
			isa = XCConfigurationList;
			buildConfigurations = (
				FAF7A39023F1CBBE0019F888 /* Debug */,
				FAF7A39123F1CBBE0019F888 /* Release */,
			);
			defaultConfigurationIsVisible = 0;
			defaultConfigurationName = Release;
		};
		FAF7A39223F1CBBE0019F888 /* Build configuration list for PBXNativeTarget "Pusher" */ = {
			isa = XCConfigurationList;
			buildConfigurations = (
				FAF7A39323F1CBBE0019F888 /* Debug */,
				FAF7A39423F1CBBE0019F888 /* Release */,
			);
			defaultConfigurationIsVisible = 0;
			defaultConfigurationName = Release;
		};
/* End XCConfigurationList section */
	};
	rootObject = FAF7A37723F1CBBC0019F888 /* Project object */;
}
